// !$*UTF8*$!
{
	archiveVersion = 1;
	classes = {
	};
	objectVersion = 48;
	objects = {

/* Begin PBXBuildFile section */
		45FB466DF9CE0355242BD6DE /* Pods_MyMoodTests.framework in Frameworks */ = {isa = PBXBuildFile; fileRef = 89278F4B07DE7B7B4A330792 /* Pods_MyMoodTests.framework */; };
		651602F21FC7670B00BA0060 /* ShowDetailForWordTableViewController.swift in Sources */ = {isa = PBXBuildFile; fileRef = 651602F11FC7670B00BA0060 /* ShowDetailForWordTableViewController.swift */; };
		65197A081FC0A2BF0065C045 /* CalendarViewController.swift in Sources */ = {isa = PBXBuildFile; fileRef = 65197A071FC0A2BF0065C045 /* CalendarViewController.swift */; };
		65230C161FB4F58B00282D19 /* OFL.txt in Resources */ = {isa = PBXBuildFile; fileRef = 65230C0C1FB4F57800282D19 /* OFL.txt */; };
		65230C171FB4F58B00282D19 /* Raleway-ExtraLight.ttf in Resources */ = {isa = PBXBuildFile; fileRef = 65230C0D1FB4F57900282D19 /* Raleway-ExtraLight.ttf */; };
		65230C181FB4F58B00282D19 /* Raleway-Medium.ttf in Resources */ = {isa = PBXBuildFile; fileRef = 65230C0E1FB4F57B00282D19 /* Raleway-Medium.ttf */; };
		65230C191FB4F58B00282D19 /* Raleway-SemiBold.ttf in Resources */ = {isa = PBXBuildFile; fileRef = 65230C0F1FB4F57D00282D19 /* Raleway-SemiBold.ttf */; };
		65230C1A1FB4F58B00282D19 /* Raleway-Light.ttf in Resources */ = {isa = PBXBuildFile; fileRef = 65230C101FB4F57F00282D19 /* Raleway-Light.ttf */; };
		65230C1B1FB4F58B00282D19 /* Raleway-Thin.ttf in Resources */ = {isa = PBXBuildFile; fileRef = 65230C111FB4F58000282D19 /* Raleway-Thin.ttf */; };
		65230C1C1FB4F58B00282D19 /* Raleway-Bold.ttf in Resources */ = {isa = PBXBuildFile; fileRef = 65230C121FB4F58200282D19 /* Raleway-Bold.ttf */; };
		65230C1D1FB4F58B00282D19 /* Raleway-ExtraBold.ttf in Resources */ = {isa = PBXBuildFile; fileRef = 65230C131FB4F58500282D19 /* Raleway-ExtraBold.ttf */; };
		65230C1E1FB4F58B00282D19 /* Raleway-Heavy.ttf in Resources */ = {isa = PBXBuildFile; fileRef = 65230C141FB4F58600282D19 /* Raleway-Heavy.ttf */; };
		65230C1F1FB4F58B00282D19 /* Raleway-Regular.ttf in Resources */ = {isa = PBXBuildFile; fileRef = 65230C151FB4F58A00282D19 /* Raleway-Regular.ttf */; };
		65230C221FB500B600282D19 /* TeacherPickMoodAreaViewController.swift in Sources */ = {isa = PBXBuildFile; fileRef = 65230C211FB500B600282D19 /* TeacherPickMoodAreaViewController.swift */; };
		652521B51FC37A61001F9A55 /* KeyboardLayoutConstraint.swift in Sources */ = {isa = PBXBuildFile; fileRef = 652521B41FC37A61001F9A55 /* KeyboardLayoutConstraint.swift */; };
		6536C8BF1FC58A60000B9F57 /* StudentClassesViewController.swift in Sources */ = {isa = PBXBuildFile; fileRef = 6536C8BE1FC58A60000B9F57 /* StudentClassesViewController.swift */; };
		6550FA4D1FC2274400C23D76 /* CreateClassViewController.swift in Sources */ = {isa = PBXBuildFile; fileRef = 6550FA4C1FC2274400C23D76 /* CreateClassViewController.swift */; };
		656A1FE51FC71638008FD628 /* HappinessRatingsTableViewController.swift in Sources */ = {isa = PBXBuildFile; fileRef = 656A1FE41FC71638008FD628 /* HappinessRatingsTableViewController.swift */; };
		656E21F01FA91CCB008F9827 /* AppDelegate.swift in Sources */ = {isa = PBXBuildFile; fileRef = 656E21EF1FA91CCB008F9827 /* AppDelegate.swift */; };
		656E21F21FA91CCB008F9827 /* AuthViewController.swift in Sources */ = {isa = PBXBuildFile; fileRef = 656E21F11FA91CCB008F9827 /* AuthViewController.swift */; };
		656E21F51FA91CCB008F9827 /* Main.storyboard in Resources */ = {isa = PBXBuildFile; fileRef = 656E21F31FA91CCB008F9827 /* Main.storyboard */; };
		656E21F71FA91CCB008F9827 /* Assets.xcassets in Resources */ = {isa = PBXBuildFile; fileRef = 656E21F61FA91CCB008F9827 /* Assets.xcassets */; };
		656E21FA1FA91CCB008F9827 /* LaunchScreen.storyboard in Resources */ = {isa = PBXBuildFile; fileRef = 656E21F81FA91CCB008F9827 /* LaunchScreen.storyboard */; };
		656E22051FA91CCC008F9827 /* MyMoodTests.swift in Sources */ = {isa = PBXBuildFile; fileRef = 656E22041FA91CCC008F9827 /* MyMoodTests.swift */; };
		656E22101FA91CCC008F9827 /* MyMoodUITests.swift in Sources */ = {isa = PBXBuildFile; fileRef = 656E220F1FA91CCC008F9827 /* MyMoodUITests.swift */; };
		658FBE631FE67964001B65A1 /* GameViewController.swift in Sources */ = {isa = PBXBuildFile; fileRef = 658FBE621FE67964001B65A1 /* GameViewController.swift */; };
		658FBE651FE67986001B65A1 /* GameScene.swift in Sources */ = {isa = PBXBuildFile; fileRef = 658FBE641FE67986001B65A1 /* GameScene.swift */; };
		658FBE671FE679A3001B65A1 /* Extensions.swift in Sources */ = {isa = PBXBuildFile; fileRef = 658FBE661FE679A3001B65A1 /* Extensions.swift */; };
		658FBE6A1FE679C5001B65A1 /* Swap.swift in Sources */ = {isa = PBXBuildFile; fileRef = 658FBE691FE679C5001B65A1 /* Swap.swift */; };
		658FBE6C1FE679E2001B65A1 /* Cookie.swift in Sources */ = {isa = PBXBuildFile; fileRef = 658FBE6B1FE679E2001B65A1 /* Cookie.swift */; };
		658FBE6E1FE679F9001B65A1 /* Level.swift in Sources */ = {isa = PBXBuildFile; fileRef = 658FBE6D1FE679F9001B65A1 /* Level.swift */; };
		658FBE701FE67A16001B65A1 /* Array2D.swift in Sources */ = {isa = PBXBuildFile; fileRef = 658FBE6F1FE67A16001B65A1 /* Array2D.swift */; };
		658FBE721FE67A27001B65A1 /* Pair.swift in Sources */ = {isa = PBXBuildFile; fileRef = 658FBE711FE67A27001B65A1 /* Pair.swift */; };
		658FBE741FE67A48001B65A1 /* Tile.swift in Sources */ = {isa = PBXBuildFile; fileRef = 658FBE731FE67A48001B65A1 /* Tile.swift */; };
		658FBE781FE67A80001B65A1 /* Sounds in Resources */ = {isa = PBXBuildFile; fileRef = 658FBE751FE67A80001B65A1 /* Sounds */; };
		658FBE791FE67A80001B65A1 /* Levels in Resources */ = {isa = PBXBuildFile; fileRef = 658FBE761FE67A80001B65A1 /* Levels */; };
		658FBE7A1FE67A80001B65A1 /* Sprites.atlas in Resources */ = {isa = PBXBuildFile; fileRef = 658FBE771FE67A80001B65A1 /* Sprites.atlas */; };
		65AE58791FC722A200744811 /* ShowTextViewController.swift in Sources */ = {isa = PBXBuildFile; fileRef = 65AE58781FC722A200744811 /* ShowTextViewController.swift */; };
		65AE587B1FC7234D00744811 /* WriteItTableViewController.swift in Sources */ = {isa = PBXBuildFile; fileRef = 65AE587A1FC7234D00744811 /* WriteItTableViewController.swift */; };
		65AE587D1FC7495100744811 /* CheckInStudentsTableViewController.swift in Sources */ = {isa = PBXBuildFile; fileRef = 65AE587C1FC7495100744811 /* CheckInStudentsTableViewController.swift */; };
		65AE587F1FC754AB00744811 /* DrawItTableViewController.swift in Sources */ = {isa = PBXBuildFile; fileRef = 65AE587E1FC754AB00744811 /* DrawItTableViewController.swift */; };
		65AE58811FC75B2300744811 /* ShowImageViewController.swift in Sources */ = {isa = PBXBuildFile; fileRef = 65AE58801FC75B2300744811 /* ShowImageViewController.swift */; };
		65AE58831FC7630B00744811 /* FeelingWordTableViewController.swift in Sources */ = {isa = PBXBuildFile; fileRef = 65AE58821FC7630B00744811 /* FeelingWordTableViewController.swift */; };
		65C0FE521FA9285E00194DF7 /* UIViewController+Extension.swift in Sources */ = {isa = PBXBuildFile; fileRef = 65C0FE511FA9285E00194DF7 /* UIViewController+Extension.swift */; };
		65C0FE541FA928C000194DF7 /* Utils.swift in Sources */ = {isa = PBXBuildFile; fileRef = 65C0FE531FA928C000194DF7 /* Utils.swift */; };
		65C0FE561FA929A100194DF7 /* GoogleService-Info.plist in Resources */ = {isa = PBXBuildFile; fileRef = 65C0FE551FA929A100194DF7 /* GoogleService-Info.plist */; };
		65C0FE581FA92B7400194DF7 /* AuthLogic.swift in Sources */ = {isa = PBXBuildFile; fileRef = 65C0FE571FA92B7400194DF7 /* AuthLogic.swift */; };
		65C0FE5A1FA9EE8700194DF7 /* StudentMainViewController.swift in Sources */ = {isa = PBXBuildFile; fileRef = 65C0FE591FA9EE8700194DF7 /* StudentMainViewController.swift */; };
		65CF4D441FB505C600DCBAD4 /* ClassPeriodViewController.swift in Sources */ = {isa = PBXBuildFile; fileRef = 65CF4D431FB505C600DCBAD4 /* ClassPeriodViewController.swift */; };
		65ECECBE1FAF3431001B164D /* DrawItViewController.swift in Sources */ = {isa = PBXBuildFile; fileRef = 65ECECBD1FAF3431001B164D /* DrawItViewController.swift */; };
		E27317AC2A27C1BA5D68F43D /* Pods_MyMoodUITests.framework in Frameworks */ = {isa = PBXBuildFile; fileRef = C17CA7EF7BDE6CE9B28ED0A3 /* Pods_MyMoodUITests.framework */; };
		EDF2EFDDB131613A08B6871C /* Pods_MyMood.framework in Frameworks */ = {isa = PBXBuildFile; fileRef = 5A3F22D44D3D648FBABE29E9 /* Pods_MyMood.framework */; };
/* End PBXBuildFile section */

/* Begin PBXContainerItemProxy section */
		656E22011FA91CCC008F9827 /* PBXContainerItemProxy */ = {
			isa = PBXContainerItemProxy;
			containerPortal = 656E21E41FA91CCB008F9827 /* Project object */;
			proxyType = 1;
			remoteGlobalIDString = 656E21EB1FA91CCB008F9827;
			remoteInfo = MyMood;
		};
		656E220C1FA91CCC008F9827 /* PBXContainerItemProxy */ = {
			isa = PBXContainerItemProxy;
			containerPortal = 656E21E41FA91CCB008F9827 /* Project object */;
			proxyType = 1;
			remoteGlobalIDString = 656E21EB1FA91CCB008F9827;
			remoteInfo = MyMood;
		};
/* End PBXContainerItemProxy section */

/* Begin PBXFileReference section */
		1AB1D702497260F93CF83AFC /* Pods-MyMoodUITests.debug.xcconfig */ = {isa = PBXFileReference; includeInIndex = 1; lastKnownFileType = text.xcconfig; name = "Pods-MyMoodUITests.debug.xcconfig"; path = "Pods/Target Support Files/Pods-MyMoodUITests/Pods-MyMoodUITests.debug.xcconfig"; sourceTree = "<group>"; };
		1F5640BFC2C22B60EF6028BC /* Pods-MyMoodUITests.release.xcconfig */ = {isa = PBXFileReference; includeInIndex = 1; lastKnownFileType = text.xcconfig; name = "Pods-MyMoodUITests.release.xcconfig"; path = "Pods/Target Support Files/Pods-MyMoodUITests/Pods-MyMoodUITests.release.xcconfig"; sourceTree = "<group>"; };
		31B1997450F1361234E6797D /* Pods-MyMoodTests.debug.xcconfig */ = {isa = PBXFileReference; includeInIndex = 1; lastKnownFileType = text.xcconfig; name = "Pods-MyMoodTests.debug.xcconfig"; path = "Pods/Target Support Files/Pods-MyMoodTests/Pods-MyMoodTests.debug.xcconfig"; sourceTree = "<group>"; };
		37BCF7A5C855220D95C9DAD6 /* Pods-MyMood.release.xcconfig */ = {isa = PBXFileReference; includeInIndex = 1; lastKnownFileType = text.xcconfig; name = "Pods-MyMood.release.xcconfig"; path = "Pods/Target Support Files/Pods-MyMood/Pods-MyMood.release.xcconfig"; sourceTree = "<group>"; };
		5A3F22D44D3D648FBABE29E9 /* Pods_MyMood.framework */ = {isa = PBXFileReference; explicitFileType = wrapper.framework; includeInIndex = 0; path = Pods_MyMood.framework; sourceTree = BUILT_PRODUCTS_DIR; };
		6500FB221FC785260047C3B3 /* Check In.entitlements */ = {isa = PBXFileReference; lastKnownFileType = text.plist.entitlements; path = "Check In.entitlements"; sourceTree = "<group>"; };
		651602F11FC7670B00BA0060 /* ShowDetailForWordTableViewController.swift */ = {isa = PBXFileReference; lastKnownFileType = sourcecode.swift; path = ShowDetailForWordTableViewController.swift; sourceTree = "<group>"; };
		65197A071FC0A2BF0065C045 /* CalendarViewController.swift */ = {isa = PBXFileReference; lastKnownFileType = sourcecode.swift; path = CalendarViewController.swift; sourceTree = "<group>"; };
		65230C0C1FB4F57800282D19 /* OFL.txt */ = {isa = PBXFileReference; fileEncoding = 4; lastKnownFileType = text; path = OFL.txt; sourceTree = "<group>"; };
		65230C0D1FB4F57900282D19 /* Raleway-ExtraLight.ttf */ = {isa = PBXFileReference; lastKnownFileType = file; path = "Raleway-ExtraLight.ttf"; sourceTree = "<group>"; };
		65230C0E1FB4F57B00282D19 /* Raleway-Medium.ttf */ = {isa = PBXFileReference; lastKnownFileType = file; path = "Raleway-Medium.ttf"; sourceTree = "<group>"; };
		65230C0F1FB4F57D00282D19 /* Raleway-SemiBold.ttf */ = {isa = PBXFileReference; lastKnownFileType = file; path = "Raleway-SemiBold.ttf"; sourceTree = "<group>"; };
		65230C101FB4F57F00282D19 /* Raleway-Light.ttf */ = {isa = PBXFileReference; lastKnownFileType = file; path = "Raleway-Light.ttf"; sourceTree = "<group>"; };
		65230C111FB4F58000282D19 /* Raleway-Thin.ttf */ = {isa = PBXFileReference; lastKnownFileType = file; path = "Raleway-Thin.ttf"; sourceTree = "<group>"; };
		65230C121FB4F58200282D19 /* Raleway-Bold.ttf */ = {isa = PBXFileReference; lastKnownFileType = file; path = "Raleway-Bold.ttf"; sourceTree = "<group>"; };
		65230C131FB4F58500282D19 /* Raleway-ExtraBold.ttf */ = {isa = PBXFileReference; lastKnownFileType = file; path = "Raleway-ExtraBold.ttf"; sourceTree = "<group>"; };
		65230C141FB4F58600282D19 /* Raleway-Heavy.ttf */ = {isa = PBXFileReference; lastKnownFileType = file; path = "Raleway-Heavy.ttf"; sourceTree = "<group>"; };
		65230C151FB4F58A00282D19 /* Raleway-Regular.ttf */ = {isa = PBXFileReference; lastKnownFileType = file; path = "Raleway-Regular.ttf"; sourceTree = "<group>"; };
		65230C211FB500B600282D19 /* TeacherPickMoodAreaViewController.swift */ = {isa = PBXFileReference; lastKnownFileType = sourcecode.swift; path = TeacherPickMoodAreaViewController.swift; sourceTree = "<group>"; };
		652521B41FC37A61001F9A55 /* KeyboardLayoutConstraint.swift */ = {isa = PBXFileReference; lastKnownFileType = sourcecode.swift; path = KeyboardLayoutConstraint.swift; sourceTree = "<group>"; };
		6536C8BE1FC58A60000B9F57 /* StudentClassesViewController.swift */ = {isa = PBXFileReference; lastKnownFileType = sourcecode.swift; path = StudentClassesViewController.swift; sourceTree = "<group>"; };
		6550FA4C1FC2274400C23D76 /* CreateClassViewController.swift */ = {isa = PBXFileReference; lastKnownFileType = sourcecode.swift; path = CreateClassViewController.swift; sourceTree = "<group>"; };
		656A1FE41FC71638008FD628 /* HappinessRatingsTableViewController.swift */ = {isa = PBXFileReference; lastKnownFileType = sourcecode.swift; path = HappinessRatingsTableViewController.swift; sourceTree = "<group>"; };
		656E21EC1FA91CCB008F9827 /* Check In.app */ = {isa = PBXFileReference; explicitFileType = wrapper.application; includeInIndex = 0; path = "Check In.app"; sourceTree = BUILT_PRODUCTS_DIR; };
		656E21EF1FA91CCB008F9827 /* AppDelegate.swift */ = {isa = PBXFileReference; lastKnownFileType = sourcecode.swift; path = AppDelegate.swift; sourceTree = "<group>"; };
		656E21F11FA91CCB008F9827 /* AuthViewController.swift */ = {isa = PBXFileReference; lastKnownFileType = sourcecode.swift; path = AuthViewController.swift; sourceTree = "<group>"; };
		656E21F41FA91CCB008F9827 /* Base */ = {isa = PBXFileReference; lastKnownFileType = file.storyboard; name = Base; path = Base.lproj/Main.storyboard; sourceTree = "<group>"; };
		656E21F61FA91CCB008F9827 /* Assets.xcassets */ = {isa = PBXFileReference; lastKnownFileType = folder.assetcatalog; path = Assets.xcassets; sourceTree = "<group>"; };
		656E21F91FA91CCB008F9827 /* Base */ = {isa = PBXFileReference; lastKnownFileType = file.storyboard; name = Base; path = Base.lproj/LaunchScreen.storyboard; sourceTree = "<group>"; };
		656E21FB1FA91CCB008F9827 /* Info.plist */ = {isa = PBXFileReference; lastKnownFileType = text.plist.xml; path = Info.plist; sourceTree = "<group>"; };
		656E22001FA91CCC008F9827 /* Check InTests.xctest */ = {isa = PBXFileReference; explicitFileType = wrapper.cfbundle; includeInIndex = 0; path = "Check InTests.xctest"; sourceTree = BUILT_PRODUCTS_DIR; };
		656E22041FA91CCC008F9827 /* MyMoodTests.swift */ = {isa = PBXFileReference; lastKnownFileType = sourcecode.swift; path = MyMoodTests.swift; sourceTree = "<group>"; };
		656E22061FA91CCC008F9827 /* Info.plist */ = {isa = PBXFileReference; lastKnownFileType = text.plist.xml; path = Info.plist; sourceTree = "<group>"; };
		656E220B1FA91CCC008F9827 /* Check InUITests.xctest */ = {isa = PBXFileReference; explicitFileType = wrapper.cfbundle; includeInIndex = 0; path = "Check InUITests.xctest"; sourceTree = BUILT_PRODUCTS_DIR; };
		656E220F1FA91CCC008F9827 /* MyMoodUITests.swift */ = {isa = PBXFileReference; lastKnownFileType = sourcecode.swift; path = MyMoodUITests.swift; sourceTree = "<group>"; };
		656E22111FA91CCC008F9827 /* Info.plist */ = {isa = PBXFileReference; lastKnownFileType = text.plist.xml; path = Info.plist; sourceTree = "<group>"; };
		658FBE621FE67964001B65A1 /* GameViewController.swift */ = {isa = PBXFileReference; lastKnownFileType = sourcecode.swift; path = GameViewController.swift; sourceTree = "<group>"; };
		658FBE641FE67986001B65A1 /* GameScene.swift */ = {isa = PBXFileReference; lastKnownFileType = sourcecode.swift; path = GameScene.swift; sourceTree = "<group>"; };
		658FBE661FE679A3001B65A1 /* Extensions.swift */ = {isa = PBXFileReference; lastKnownFileType = sourcecode.swift; path = Extensions.swift; sourceTree = "<group>"; };
		658FBE691FE679C5001B65A1 /* Swap.swift */ = {isa = PBXFileReference; lastKnownFileType = sourcecode.swift; path = Swap.swift; sourceTree = "<group>"; };
		658FBE6B1FE679E2001B65A1 /* Cookie.swift */ = {isa = PBXFileReference; lastKnownFileType = sourcecode.swift; path = Cookie.swift; sourceTree = "<group>"; };
		658FBE6D1FE679F9001B65A1 /* Level.swift */ = {isa = PBXFileReference; lastKnownFileType = sourcecode.swift; path = Level.swift; sourceTree = "<group>"; };
		658FBE6F1FE67A16001B65A1 /* Array2D.swift */ = {isa = PBXFileReference; lastKnownFileType = sourcecode.swift; path = Array2D.swift; sourceTree = "<group>"; };
		658FBE711FE67A27001B65A1 /* Pair.swift */ = {isa = PBXFileReference; lastKnownFileType = sourcecode.swift; path = Pair.swift; sourceTree = "<group>"; };
		658FBE731FE67A48001B65A1 /* Tile.swift */ = {isa = PBXFileReference; lastKnownFileType = sourcecode.swift; path = Tile.swift; sourceTree = "<group>"; };
		658FBE751FE67A80001B65A1 /* Sounds */ = {isa = PBXFileReference; lastKnownFileType = folder; path = Sounds; sourceTree = "<group>"; };
		658FBE761FE67A80001B65A1 /* Levels */ = {isa = PBXFileReference; lastKnownFileType = folder; path = Levels; sourceTree = "<group>"; };
		658FBE771FE67A80001B65A1 /* Sprites.atlas */ = {isa = PBXFileReference; lastKnownFileType = folder.skatlas; path = Sprites.atlas; sourceTree = "<group>"; };
		65AE58781FC722A200744811 /* ShowTextViewController.swift */ = {isa = PBXFileReference; lastKnownFileType = sourcecode.swift; path = ShowTextViewController.swift; sourceTree = "<group>"; };
		65AE587A1FC7234D00744811 /* WriteItTableViewController.swift */ = {isa = PBXFileReference; lastKnownFileType = sourcecode.swift; path = WriteItTableViewController.swift; sourceTree = "<group>"; };
		65AE587C1FC7495100744811 /* CheckInStudentsTableViewController.swift */ = {isa = PBXFileReference; lastKnownFileType = sourcecode.swift; path = CheckInStudentsTableViewController.swift; sourceTree = "<group>"; };
		65AE587E1FC754AB00744811 /* DrawItTableViewController.swift */ = {isa = PBXFileReference; lastKnownFileType = sourcecode.swift; path = DrawItTableViewController.swift; sourceTree = "<group>"; };
		65AE58801FC75B2300744811 /* ShowImageViewController.swift */ = {isa = PBXFileReference; lastKnownFileType = sourcecode.swift; path = ShowImageViewController.swift; sourceTree = "<group>"; };
		65AE58821FC7630B00744811 /* FeelingWordTableViewController.swift */ = {isa = PBXFileReference; lastKnownFileType = sourcecode.swift; path = FeelingWordTableViewController.swift; sourceTree = "<group>"; };
		65C0FE511FA9285E00194DF7 /* UIViewController+Extension.swift */ = {isa = PBXFileReference; lastKnownFileType = sourcecode.swift; path = "UIViewController+Extension.swift"; sourceTree = "<group>"; };
		65C0FE531FA928C000194DF7 /* Utils.swift */ = {isa = PBXFileReference; lastKnownFileType = sourcecode.swift; path = Utils.swift; sourceTree = "<group>"; };
		65C0FE551FA929A100194DF7 /* GoogleService-Info.plist */ = {isa = PBXFileReference; fileEncoding = 4; lastKnownFileType = text.plist.xml; path = "GoogleService-Info.plist"; sourceTree = "<group>"; };
		65C0FE571FA92B7400194DF7 /* AuthLogic.swift */ = {isa = PBXFileReference; lastKnownFileType = sourcecode.swift; path = AuthLogic.swift; sourceTree = "<group>"; };
		65C0FE591FA9EE8700194DF7 /* StudentMainViewController.swift */ = {isa = PBXFileReference; lastKnownFileType = sourcecode.swift; path = StudentMainViewController.swift; sourceTree = "<group>"; };
		65CF4D431FB505C600DCBAD4 /* ClassPeriodViewController.swift */ = {isa = PBXFileReference; lastKnownFileType = sourcecode.swift; path = ClassPeriodViewController.swift; sourceTree = "<group>"; };
		65ECECBD1FAF3431001B164D /* DrawItViewController.swift */ = {isa = PBXFileReference; lastKnownFileType = sourcecode.swift; path = DrawItViewController.swift; sourceTree = "<group>"; };
		7C6889C56DC35026E763A664 /* Pods-MyMoodTests.release.xcconfig */ = {isa = PBXFileReference; includeInIndex = 1; lastKnownFileType = text.xcconfig; name = "Pods-MyMoodTests.release.xcconfig"; path = "Pods/Target Support Files/Pods-MyMoodTests/Pods-MyMoodTests.release.xcconfig"; sourceTree = "<group>"; };
		89278F4B07DE7B7B4A330792 /* Pods_MyMoodTests.framework */ = {isa = PBXFileReference; explicitFileType = wrapper.framework; includeInIndex = 0; path = Pods_MyMoodTests.framework; sourceTree = BUILT_PRODUCTS_DIR; };
		BE439FDECB5A088EE11745D5 /* Pods-MyMood.debug.xcconfig */ = {isa = PBXFileReference; includeInIndex = 1; lastKnownFileType = text.xcconfig; name = "Pods-MyMood.debug.xcconfig"; path = "Pods/Target Support Files/Pods-MyMood/Pods-MyMood.debug.xcconfig"; sourceTree = "<group>"; };
		C17CA7EF7BDE6CE9B28ED0A3 /* Pods_MyMoodUITests.framework */ = {isa = PBXFileReference; explicitFileType = wrapper.framework; includeInIndex = 0; path = Pods_MyMoodUITests.framework; sourceTree = BUILT_PRODUCTS_DIR; };
/* End PBXFileReference section */

/* Begin PBXFrameworksBuildPhase section */
		656E21E91FA91CCB008F9827 /* Frameworks */ = {
			isa = PBXFrameworksBuildPhase;
			buildActionMask = 2147483647;
			files = (
				EDF2EFDDB131613A08B6871C /* Pods_MyMood.framework in Frameworks */,
			);
			runOnlyForDeploymentPostprocessing = 0;
		};
		656E21FD1FA91CCC008F9827 /* Frameworks */ = {
			isa = PBXFrameworksBuildPhase;
			buildActionMask = 2147483647;
			files = (
				45FB466DF9CE0355242BD6DE /* Pods_MyMoodTests.framework in Frameworks */,
			);
			runOnlyForDeploymentPostprocessing = 0;
		};
		656E22081FA91CCC008F9827 /* Frameworks */ = {
			isa = PBXFrameworksBuildPhase;
			buildActionMask = 2147483647;
			files = (
				E27317AC2A27C1BA5D68F43D /* Pods_MyMoodUITests.framework in Frameworks */,
			);
			runOnlyForDeploymentPostprocessing = 0;
		};
/* End PBXFrameworksBuildPhase section */

/* Begin PBXGroup section */
		504F87EE1982592852D13B26 /* Pods */ = {
			isa = PBXGroup;
			children = (
				BE439FDECB5A088EE11745D5 /* Pods-MyMood.debug.xcconfig */,
				37BCF7A5C855220D95C9DAD6 /* Pods-MyMood.release.xcconfig */,
				31B1997450F1361234E6797D /* Pods-MyMoodTests.debug.xcconfig */,
				7C6889C56DC35026E763A664 /* Pods-MyMoodTests.release.xcconfig */,
				1AB1D702497260F93CF83AFC /* Pods-MyMoodUITests.debug.xcconfig */,
				1F5640BFC2C22B60EF6028BC /* Pods-MyMoodUITests.release.xcconfig */,
			);
			name = Pods;
			sourceTree = "<group>";
		};
		65230C0B1FB4F54800282D19 /* Resources */ = {
			isa = PBXGroup;
			children = (
				65230C0C1FB4F57800282D19 /* OFL.txt */,
				65230C121FB4F58200282D19 /* Raleway-Bold.ttf */,
				65230C131FB4F58500282D19 /* Raleway-ExtraBold.ttf */,
				65230C0D1FB4F57900282D19 /* Raleway-ExtraLight.ttf */,
				65230C141FB4F58600282D19 /* Raleway-Heavy.ttf */,
				65230C101FB4F57F00282D19 /* Raleway-Light.ttf */,
				65230C0E1FB4F57B00282D19 /* Raleway-Medium.ttf */,
				65230C151FB4F58A00282D19 /* Raleway-Regular.ttf */,
				65230C0F1FB4F57D00282D19 /* Raleway-SemiBold.ttf */,
				65230C111FB4F58000282D19 /* Raleway-Thin.ttf */,
			);
			path = Resources;
			sourceTree = "<group>";
		};
		65230C201FB5007A00282D19 /* Teacher */ = {
			isa = PBXGroup;
			children = (
				656A1FE31FC71617008FD628 /* DisplayingData */,
				65230C211FB500B600282D19 /* TeacherPickMoodAreaViewController.swift */,
				65CF4D431FB505C600DCBAD4 /* ClassPeriodViewController.swift */,
				65197A071FC0A2BF0065C045 /* CalendarViewController.swift */,
				6550FA4C1FC2274400C23D76 /* CreateClassViewController.swift */,
			);
			path = Teacher;
			sourceTree = "<group>";
		};
		656A1FE31FC71617008FD628 /* DisplayingData */ = {
			isa = PBXGroup;
			children = (
				656A1FE41FC71638008FD628 /* HappinessRatingsTableViewController.swift */,
				65AE58781FC722A200744811 /* ShowTextViewController.swift */,
				65AE587A1FC7234D00744811 /* WriteItTableViewController.swift */,
				65AE587C1FC7495100744811 /* CheckInStudentsTableViewController.swift */,
				65AE587E1FC754AB00744811 /* DrawItTableViewController.swift */,
				65AE58801FC75B2300744811 /* ShowImageViewController.swift */,
				65AE58821FC7630B00744811 /* FeelingWordTableViewController.swift */,
				651602F11FC7670B00BA0060 /* ShowDetailForWordTableViewController.swift */,
			);
			path = DisplayingData;
			sourceTree = "<group>";
		};
		656E21E31FA91CCB008F9827 = {
			isa = PBXGroup;
			children = (
				6500FB221FC785260047C3B3 /* Check In.entitlements */,
				656E21EE1FA91CCB008F9827 /* MyMood */,
				656E22031FA91CCC008F9827 /* MyMoodTests */,
				656E220E1FA91CCC008F9827 /* MyMoodUITests */,
				656E21ED1FA91CCB008F9827 /* Products */,
				504F87EE1982592852D13B26 /* Pods */,
				6CC87F807304276146B571CC /* Frameworks */,
			);
			sourceTree = "<group>";
		};
		656E21ED1FA91CCB008F9827 /* Products */ = {
			isa = PBXGroup;
			children = (
				656E21EC1FA91CCB008F9827 /* Check In.app */,
				656E22001FA91CCC008F9827 /* Check InTests.xctest */,
				656E220B1FA91CCC008F9827 /* Check InUITests.xctest */,
			);
			name = Products;
			sourceTree = "<group>";
		};
		656E21EE1FA91CCB008F9827 /* MyMood */ = {
			isa = PBXGroup;
			children = (
				658FBE611FE678E5001B65A1 /* Game */,
				65C0FE531FA928C000194DF7 /* Utils.swift */,
				65C0FE501FA9284B00194DF7 /* Extensions */,
				65C0FE4F1FA926D700194DF7 /* Student */,
				65230C201FB5007A00282D19 /* Teacher */,
				656E21EF1FA91CCB008F9827 /* AppDelegate.swift */,
				656E21F11FA91CCB008F9827 /* AuthViewController.swift */,
				65C0FE571FA92B7400194DF7 /* AuthLogic.swift */,
				656E21F31FA91CCB008F9827 /* Main.storyboard */,
				656E21F61FA91CCB008F9827 /* Assets.xcassets */,
				65230C0B1FB4F54800282D19 /* Resources */,
				656E21F81FA91CCB008F9827 /* LaunchScreen.storyboard */,
				656E21FB1FA91CCB008F9827 /* Info.plist */,
				65C0FE551FA929A100194DF7 /* GoogleService-Info.plist */,
			);
			path = MyMood;
			sourceTree = "<group>";
		};
		656E22031FA91CCC008F9827 /* MyMoodTests */ = {
			isa = PBXGroup;
			children = (
				656E22041FA91CCC008F9827 /* MyMoodTests.swift */,
				656E22061FA91CCC008F9827 /* Info.plist */,
			);
			path = MyMoodTests;
			sourceTree = "<group>";
		};
		656E220E1FA91CCC008F9827 /* MyMoodUITests */ = {
			isa = PBXGroup;
			children = (
				656E220F1FA91CCC008F9827 /* MyMoodUITests.swift */,
				656E22111FA91CCC008F9827 /* Info.plist */,
			);
			path = MyMoodUITests;
			sourceTree = "<group>";
		};
		658FBE611FE678E5001B65A1 /* Game */ = {
			isa = PBXGroup;
			children = (
				658FBE761FE67A80001B65A1 /* Levels */,
				658FBE751FE67A80001B65A1 /* Sounds */,
				658FBE771FE67A80001B65A1 /* Sprites.atlas */,
				658FBE681FE679B7001B65A1 /* Model */,
				658FBE621FE67964001B65A1 /* GameViewController.swift */,
				658FBE641FE67986001B65A1 /* GameScene.swift */,
				658FBE661FE679A3001B65A1 /* Extensions.swift */,
				658FBE731FE67A48001B65A1 /* Tile.swift */,
			);
			path = Game;
			sourceTree = "<group>";
		};
		658FBE681FE679B7001B65A1 /* Model */ = {
			isa = PBXGroup;
			children = (
				658FBE691FE679C5001B65A1 /* Swap.swift */,
				658FBE6B1FE679E2001B65A1 /* Cookie.swift */,
				658FBE6D1FE679F9001B65A1 /* Level.swift */,
				658FBE6F1FE67A16001B65A1 /* Array2D.swift */,
				658FBE711FE67A27001B65A1 /* Pair.swift */,
			);
			path = Model;
			sourceTree = "<group>";
		};
		65C0FE4F1FA926D700194DF7 /* Student */ = {
			isa = PBXGroup;
			children = (
				65C0FE591FA9EE8700194DF7 /* StudentMainViewController.swift */,
				65ECECBD1FAF3431001B164D /* DrawItViewController.swift */,
				6536C8BE1FC58A60000B9F57 /* StudentClassesViewController.swift */,
			);
			path = Student;
			sourceTree = "<group>";
		};
		65C0FE501FA9284B00194DF7 /* Extensions */ = {
			isa = PBXGroup;
			children = (
				652521B41FC37A61001F9A55 /* KeyboardLayoutConstraint.swift */,
				65C0FE511FA9285E00194DF7 /* UIViewController+Extension.swift */,
			);
			path = Extensions;
			sourceTree = "<group>";
		};
		6CC87F807304276146B571CC /* Frameworks */ = {
			isa = PBXGroup;
			children = (
				5A3F22D44D3D648FBABE29E9 /* Pods_MyMood.framework */,
				89278F4B07DE7B7B4A330792 /* Pods_MyMoodTests.framework */,
				C17CA7EF7BDE6CE9B28ED0A3 /* Pods_MyMoodUITests.framework */,
			);
			name = Frameworks;
			sourceTree = "<group>";
		};
/* End PBXGroup section */

/* Begin PBXNativeTarget section */
		656E21EB1FA91CCB008F9827 /* Check In */ = {
			isa = PBXNativeTarget;
			buildConfigurationList = 656E22141FA91CCC008F9827 /* Build configuration list for PBXNativeTarget "Check In" */;
			buildPhases = (
				E8572EE87DA606039685F639 /* [CP] Check Pods Manifest.lock */,
				656E21E81FA91CCB008F9827 /* Sources */,
				656E21E91FA91CCB008F9827 /* Frameworks */,
				656E21EA1FA91CCB008F9827 /* Resources */,
				82C66127714694224FE932E7 /* [CP] Embed Pods Frameworks */,
				E956A4A2E1FE675597C5FF7D /* [CP] Copy Pods Resources */,
			);
			buildRules = (
			);
			dependencies = (
			);
			name = "Check In";
			productName = MyMood;
			productReference = 656E21EC1FA91CCB008F9827 /* Check In.app */;
			productType = "com.apple.product-type.application";
		};
		656E21FF1FA91CCC008F9827 /* Check InTests */ = {
			isa = PBXNativeTarget;
			buildConfigurationList = 656E22171FA91CCC008F9827 /* Build configuration list for PBXNativeTarget "Check InTests" */;
			buildPhases = (
				9519365E862BC96D48605D75 /* [CP] Check Pods Manifest.lock */,
				656E21FC1FA91CCC008F9827 /* Sources */,
				656E21FD1FA91CCC008F9827 /* Frameworks */,
				656E21FE1FA91CCC008F9827 /* Resources */,
				659BD96D3D1E74958E61FC0D /* [CP] Embed Pods Frameworks */,
				9D8F3DB98ABE0C03DA8840A4 /* [CP] Copy Pods Resources */,
			);
			buildRules = (
			);
			dependencies = (
				656E22021FA91CCC008F9827 /* PBXTargetDependency */,
			);
			name = "Check InTests";
			productName = MyMoodTests;
			productReference = 656E22001FA91CCC008F9827 /* Check InTests.xctest */;
			productType = "com.apple.product-type.bundle.unit-test";
		};
		656E220A1FA91CCC008F9827 /* Check InUITests */ = {
			isa = PBXNativeTarget;
			buildConfigurationList = 656E221A1FA91CCC008F9827 /* Build configuration list for PBXNativeTarget "Check InUITests" */;
			buildPhases = (
				E6C4679245B368B00A77BFDC /* [CP] Check Pods Manifest.lock */,
				656E22071FA91CCC008F9827 /* Sources */,
				656E22081FA91CCC008F9827 /* Frameworks */,
				656E22091FA91CCC008F9827 /* Resources */,
				07CC53235CFDDB66B7005380 /* [CP] Embed Pods Frameworks */,
				D6A9B9246AE5776A058FC50A /* [CP] Copy Pods Resources */,
			);
			buildRules = (
			);
			dependencies = (
				656E220D1FA91CCC008F9827 /* PBXTargetDependency */,
			);
			name = "Check InUITests";
			productName = MyMoodUITests;
			productReference = 656E220B1FA91CCC008F9827 /* Check InUITests.xctest */;
			productType = "com.apple.product-type.bundle.ui-testing";
		};
/* End PBXNativeTarget section */

/* Begin PBXProject section */
		656E21E41FA91CCB008F9827 /* Project object */ = {
			isa = PBXProject;
			attributes = {
				LastSwiftUpdateCheck = 0900;
				LastUpgradeCheck = 0900;
				ORGANIZATIONNAME = "Samantha Parola";
				TargetAttributes = {
					656E21EB1FA91CCB008F9827 = {
						CreatedOnToolsVersion = 9.0.1;
						ProvisioningStyle = Automatic;
						SystemCapabilities = {
							com.apple.Push = {
								enabled = 1;
							};
						};
					};
					656E21FF1FA91CCC008F9827 = {
						CreatedOnToolsVersion = 9.0.1;
						ProvisioningStyle = Automatic;
						TestTargetID = 656E21EB1FA91CCB008F9827;
					};
					656E220A1FA91CCC008F9827 = {
						CreatedOnToolsVersion = 9.0.1;
						ProvisioningStyle = Automatic;
						TestTargetID = 656E21EB1FA91CCB008F9827;
					};
				};
			};
			buildConfigurationList = 656E21E71FA91CCB008F9827 /* Build configuration list for PBXProject "Check In" */;
			compatibilityVersion = "Xcode 8.0";
			developmentRegion = en;
			hasScannedForEncodings = 0;
			knownRegions = (
				en,
				Base,
			);
			mainGroup = 656E21E31FA91CCB008F9827;
			productRefGroup = 656E21ED1FA91CCB008F9827 /* Products */;
			projectDirPath = "";
			projectRoot = "";
			targets = (
				656E21EB1FA91CCB008F9827 /* Check In */,
				656E21FF1FA91CCC008F9827 /* Check InTests */,
				656E220A1FA91CCC008F9827 /* Check InUITests */,
			);
		};
/* End PBXProject section */

/* Begin PBXResourcesBuildPhase section */
		656E21EA1FA91CCB008F9827 /* Resources */ = {
			isa = PBXResourcesBuildPhase;
			buildActionMask = 2147483647;
			files = (
				658FBE781FE67A80001B65A1 /* Sounds in Resources */,
				658FBE791FE67A80001B65A1 /* Levels in Resources */,
				65230C1D1FB4F58B00282D19 /* Raleway-ExtraBold.ttf in Resources */,
				65230C181FB4F58B00282D19 /* Raleway-Medium.ttf in Resources */,
				65230C191FB4F58B00282D19 /* Raleway-SemiBold.ttf in Resources */,
				65230C1F1FB4F58B00282D19 /* Raleway-Regular.ttf in Resources */,
				65230C161FB4F58B00282D19 /* OFL.txt in Resources */,
				656E21FA1FA91CCB008F9827 /* LaunchScreen.storyboard in Resources */,
				65230C171FB4F58B00282D19 /* Raleway-ExtraLight.ttf in Resources */,
				65230C1B1FB4F58B00282D19 /* Raleway-Thin.ttf in Resources */,
				65C0FE561FA929A100194DF7 /* GoogleService-Info.plist in Resources */,
				65230C1A1FB4F58B00282D19 /* Raleway-Light.ttf in Resources */,
				65230C1E1FB4F58B00282D19 /* Raleway-Heavy.ttf in Resources */,
				658FBE7A1FE67A80001B65A1 /* Sprites.atlas in Resources */,
				65230C1C1FB4F58B00282D19 /* Raleway-Bold.ttf in Resources */,
				656E21F71FA91CCB008F9827 /* Assets.xcassets in Resources */,
				656E21F51FA91CCB008F9827 /* Main.storyboard in Resources */,
			);
			runOnlyForDeploymentPostprocessing = 0;
		};
		656E21FE1FA91CCC008F9827 /* Resources */ = {
			isa = PBXResourcesBuildPhase;
			buildActionMask = 2147483647;
			files = (
			);
			runOnlyForDeploymentPostprocessing = 0;
		};
		656E22091FA91CCC008F9827 /* Resources */ = {
			isa = PBXResourcesBuildPhase;
			buildActionMask = 2147483647;
			files = (
			);
			runOnlyForDeploymentPostprocessing = 0;
		};
/* End PBXResourcesBuildPhase section */

/* Begin PBXShellScriptBuildPhase section */
		07CC53235CFDDB66B7005380 /* [CP] Embed Pods Frameworks */ = {
			isa = PBXShellScriptBuildPhase;
			buildActionMask = 2147483647;
			files = (
			);
			inputPaths = (
			);
			name = "[CP] Embed Pods Frameworks";
			outputPaths = (
			);
			runOnlyForDeploymentPostprocessing = 0;
			shellPath = /bin/sh;
			shellScript = "\"${SRCROOT}/Pods/Target Support Files/Pods-MyMoodUITests/Pods-MyMoodUITests-frameworks.sh\"\n";
			showEnvVarsInLog = 0;
		};
		659BD96D3D1E74958E61FC0D /* [CP] Embed Pods Frameworks */ = {
			isa = PBXShellScriptBuildPhase;
			buildActionMask = 2147483647;
			files = (
			);
			inputPaths = (
			);
			name = "[CP] Embed Pods Frameworks";
			outputPaths = (
			);
			runOnlyForDeploymentPostprocessing = 0;
			shellPath = /bin/sh;
			shellScript = "\"${SRCROOT}/Pods/Target Support Files/Pods-MyMoodTests/Pods-MyMoodTests-frameworks.sh\"\n";
			showEnvVarsInLog = 0;
		};
		82C66127714694224FE932E7 /* [CP] Embed Pods Frameworks */ = {
			isa = PBXShellScriptBuildPhase;
			buildActionMask = 2147483647;
			files = (
			);
			inputPaths = (
			);
			name = "[CP] Embed Pods Frameworks";
			outputPaths = (
			);
			runOnlyForDeploymentPostprocessing = 0;
			shellPath = /bin/sh;
			shellScript = "\"${SRCROOT}/Pods/Target Support Files/Pods-MyMood/Pods-MyMood-frameworks.sh\"\n";
			showEnvVarsInLog = 0;
		};
		9519365E862BC96D48605D75 /* [CP] Check Pods Manifest.lock */ = {
			isa = PBXShellScriptBuildPhase;
			buildActionMask = 2147483647;
			files = (
			);
			inputPaths = (
			);
			name = "[CP] Check Pods Manifest.lock";
			outputPaths = (
			);
			runOnlyForDeploymentPostprocessing = 0;
			shellPath = /bin/sh;
			shellScript = "diff \"${PODS_PODFILE_DIR_PATH}/Podfile.lock\" \"${PODS_ROOT}/Manifest.lock\" > /dev/null\nif [ $? != 0 ] ; then\n    # print error to STDERR\n    echo \"error: The sandbox is not in sync with the Podfile.lock. Run 'pod install' or update your CocoaPods installation.\" >&2\n    exit 1\nfi\n";
			showEnvVarsInLog = 0;
		};
		9D8F3DB98ABE0C03DA8840A4 /* [CP] Copy Pods Resources */ = {
			isa = PBXShellScriptBuildPhase;
			buildActionMask = 2147483647;
			files = (
			);
			inputPaths = (
			);
			name = "[CP] Copy Pods Resources";
			outputPaths = (
			);
			runOnlyForDeploymentPostprocessing = 0;
			shellPath = /bin/sh;
			shellScript = "\"${SRCROOT}/Pods/Target Support Files/Pods-MyMoodTests/Pods-MyMoodTests-resources.sh\"\n";
			showEnvVarsInLog = 0;
		};
		D6A9B9246AE5776A058FC50A /* [CP] Copy Pods Resources */ = {
			isa = PBXShellScriptBuildPhase;
			buildActionMask = 2147483647;
			files = (
			);
			inputPaths = (
			);
			name = "[CP] Copy Pods Resources";
			outputPaths = (
			);
			runOnlyForDeploymentPostprocessing = 0;
			shellPath = /bin/sh;
			shellScript = "\"${SRCROOT}/Pods/Target Support Files/Pods-MyMoodUITests/Pods-MyMoodUITests-resources.sh\"\n";
			showEnvVarsInLog = 0;
		};
		E6C4679245B368B00A77BFDC /* [CP] Check Pods Manifest.lock */ = {
			isa = PBXShellScriptBuildPhase;
			buildActionMask = 2147483647;
			files = (
			);
			inputPaths = (
			);
			name = "[CP] Check Pods Manifest.lock";
			outputPaths = (
			);
			runOnlyForDeploymentPostprocessing = 0;
			shellPath = /bin/sh;
			shellScript = "diff \"${PODS_PODFILE_DIR_PATH}/Podfile.lock\" \"${PODS_ROOT}/Manifest.lock\" > /dev/null\nif [ $? != 0 ] ; then\n    # print error to STDERR\n    echo \"error: The sandbox is not in sync with the Podfile.lock. Run 'pod install' or update your CocoaPods installation.\" >&2\n    exit 1\nfi\n";
			showEnvVarsInLog = 0;
		};
		E8572EE87DA606039685F639 /* [CP] Check Pods Manifest.lock */ = {
			isa = PBXShellScriptBuildPhase;
			buildActionMask = 2147483647;
			files = (
			);
			inputPaths = (
			);
			name = "[CP] Check Pods Manifest.lock";
			outputPaths = (
			);
			runOnlyForDeploymentPostprocessing = 0;
			shellPath = /bin/sh;
			shellScript = "diff \"${PODS_PODFILE_DIR_PATH}/Podfile.lock\" \"${PODS_ROOT}/Manifest.lock\" > /dev/null\nif [ $? != 0 ] ; then\n    # print error to STDERR\n    echo \"error: The sandbox is not in sync with the Podfile.lock. Run 'pod install' or update your CocoaPods installation.\" >&2\n    exit 1\nfi\n";
			showEnvVarsInLog = 0;
		};
		E956A4A2E1FE675597C5FF7D /* [CP] Copy Pods Resources */ = {
			isa = PBXShellScriptBuildPhase;
			buildActionMask = 2147483647;
			files = (
			);
			inputPaths = (
			);
			name = "[CP] Copy Pods Resources";
			outputPaths = (
			);
			runOnlyForDeploymentPostprocessing = 0;
			shellPath = /bin/sh;
			shellScript = "\"${SRCROOT}/Pods/Target Support Files/Pods-MyMood/Pods-MyMood-resources.sh\"\n";
			showEnvVarsInLog = 0;
		};
/* End PBXShellScriptBuildPhase section */

/* Begin PBXSourcesBuildPhase section */
		656E21E81FA91CCB008F9827 /* Sources */ = {
			isa = PBXSourcesBuildPhase;
			buildActionMask = 2147483647;
			files = (
				65AE587F1FC754AB00744811 /* DrawItTableViewController.swift in Sources */,
				65197A081FC0A2BF0065C045 /* CalendarViewController.swift in Sources */,
				65ECECBE1FAF3431001B164D /* DrawItViewController.swift in Sources */,
				658FBE6E1FE679F9001B65A1 /* Level.swift in Sources */,
				65C0FE521FA9285E00194DF7 /* UIViewController+Extension.swift in Sources */,
				6550FA4D1FC2274400C23D76 /* CreateClassViewController.swift in Sources */,
				65AE587B1FC7234D00744811 /* WriteItTableViewController.swift in Sources */,
				656E21F21FA91CCB008F9827 /* AuthViewController.swift in Sources */,
				652521B51FC37A61001F9A55 /* KeyboardLayoutConstraint.swift in Sources */,
				65AE58791FC722A200744811 /* ShowTextViewController.swift in Sources */,
				656A1FE51FC71638008FD628 /* HappinessRatingsTableViewController.swift in Sources */,
				65C0FE581FA92B7400194DF7 /* AuthLogic.swift in Sources */,
				65230C221FB500B600282D19 /* TeacherPickMoodAreaViewController.swift in Sources */,
				658FBE721FE67A27001B65A1 /* Pair.swift in Sources */,
				65AE58831FC7630B00744811 /* FeelingWordTableViewController.swift in Sources */,
				658FBE6C1FE679E2001B65A1 /* Cookie.swift in Sources */,
				6536C8BF1FC58A60000B9F57 /* StudentClassesViewController.swift in Sources */,
				658FBE6A1FE679C5001B65A1 /* Swap.swift in Sources */,
				65AE587D1FC7495100744811 /* CheckInStudentsTableViewController.swift in Sources */,
				65AE58811FC75B2300744811 /* ShowImageViewController.swift in Sources */,
				65C0FE5A1FA9EE8700194DF7 /* StudentMainViewController.swift in Sources */,
				658FBE651FE67986001B65A1 /* GameScene.swift in Sources */,
				658FBE701FE67A16001B65A1 /* Array2D.swift in Sources */,
				656E21F01FA91CCB008F9827 /* AppDelegate.swift in Sources */,
				658FBE671FE679A3001B65A1 /* Extensions.swift in Sources */,
				651602F21FC7670B00BA0060 /* ShowDetailForWordTableViewController.swift in Sources */,
				65CF4D441FB505C600DCBAD4 /* ClassPeriodViewController.swift in Sources */,
				658FBE741FE67A48001B65A1 /* Tile.swift in Sources */,
				658FBE631FE67964001B65A1 /* GameViewController.swift in Sources */,
				65C0FE541FA928C000194DF7 /* Utils.swift in Sources */,
			);
			runOnlyForDeploymentPostprocessing = 0;
		};
		656E21FC1FA91CCC008F9827 /* Sources */ = {
			isa = PBXSourcesBuildPhase;
			buildActionMask = 2147483647;
			files = (
				656E22051FA91CCC008F9827 /* MyMoodTests.swift in Sources */,
			);
			runOnlyForDeploymentPostprocessing = 0;
		};
		656E22071FA91CCC008F9827 /* Sources */ = {
			isa = PBXSourcesBuildPhase;
			buildActionMask = 2147483647;
			files = (
				656E22101FA91CCC008F9827 /* MyMoodUITests.swift in Sources */,
			);
			runOnlyForDeploymentPostprocessing = 0;
		};
/* End PBXSourcesBuildPhase section */

/* Begin PBXTargetDependency section */
		656E22021FA91CCC008F9827 /* PBXTargetDependency */ = {
			isa = PBXTargetDependency;
			target = 656E21EB1FA91CCB008F9827 /* Check In */;
			targetProxy = 656E22011FA91CCC008F9827 /* PBXContainerItemProxy */;
		};
		656E220D1FA91CCC008F9827 /* PBXTargetDependency */ = {
			isa = PBXTargetDependency;
			target = 656E21EB1FA91CCB008F9827 /* Check In */;
			targetProxy = 656E220C1FA91CCC008F9827 /* PBXContainerItemProxy */;
		};
/* End PBXTargetDependency section */

/* Begin PBXVariantGroup section */
		656E21F31FA91CCB008F9827 /* Main.storyboard */ = {
			isa = PBXVariantGroup;
			children = (
				656E21F41FA91CCB008F9827 /* Base */,
			);
			name = Main.storyboard;
			sourceTree = "<group>";
		};
		656E21F81FA91CCB008F9827 /* LaunchScreen.storyboard */ = {
			isa = PBXVariantGroup;
			children = (
				656E21F91FA91CCB008F9827 /* Base */,
			);
			name = LaunchScreen.storyboard;
			sourceTree = "<group>";
		};
/* End PBXVariantGroup section */

/* Begin XCBuildConfiguration section */
		656E22121FA91CCC008F9827 /* Debug */ = {
			isa = XCBuildConfiguration;
			buildSettings = {
				ALWAYS_SEARCH_USER_PATHS = NO;
				CLANG_ANALYZER_NONNULL = YES;
				CLANG_ANALYZER_NUMBER_OBJECT_CONVERSION = YES_AGGRESSIVE;
				CLANG_CXX_LANGUAGE_STANDARD = "gnu++14";
				CLANG_CXX_LIBRARY = "libc++";
				CLANG_ENABLE_MODULES = YES;
				CLANG_ENABLE_OBJC_ARC = YES;
				CLANG_WARN_BLOCK_CAPTURE_AUTORELEASING = YES;
				CLANG_WARN_BOOL_CONVERSION = YES;
				CLANG_WARN_COMMA = YES;
				CLANG_WARN_CONSTANT_CONVERSION = YES;
				CLANG_WARN_DIRECT_OBJC_ISA_USAGE = YES_ERROR;
				CLANG_WARN_DOCUMENTATION_COMMENTS = YES;
				CLANG_WARN_EMPTY_BODY = YES;
				CLANG_WARN_ENUM_CONVERSION = YES;
				CLANG_WARN_INFINITE_RECURSION = YES;
				CLANG_WARN_INT_CONVERSION = YES;
				CLANG_WARN_NON_LITERAL_NULL_CONVERSION = YES;
				CLANG_WARN_OBJC_LITERAL_CONVERSION = YES;
				CLANG_WARN_OBJC_ROOT_CLASS = YES_ERROR;
				CLANG_WARN_RANGE_LOOP_ANALYSIS = YES;
				CLANG_WARN_STRICT_PROTOTYPES = YES;
				CLANG_WARN_SUSPICIOUS_MOVE = YES;
				CLANG_WARN_UNGUARDED_AVAILABILITY = YES_AGGRESSIVE;
				CLANG_WARN_UNREACHABLE_CODE = YES;
				CLANG_WARN__DUPLICATE_METHOD_MATCH = YES;
				CODE_SIGN_IDENTITY = "iPhone Developer";
				COPY_PHASE_STRIP = NO;
				DEBUG_INFORMATION_FORMAT = dwarf;
				ENABLE_STRICT_OBJC_MSGSEND = YES;
				ENABLE_TESTABILITY = YES;
				GCC_C_LANGUAGE_STANDARD = gnu11;
				GCC_DYNAMIC_NO_PIC = NO;
				GCC_NO_COMMON_BLOCKS = YES;
				GCC_OPTIMIZATION_LEVEL = 0;
				GCC_PREPROCESSOR_DEFINITIONS = (
					"DEBUG=1",
					"$(inherited)",
				);
				GCC_WARN_64_TO_32_BIT_CONVERSION = YES;
				GCC_WARN_ABOUT_RETURN_TYPE = YES_ERROR;
				GCC_WARN_UNDECLARED_SELECTOR = YES;
				GCC_WARN_UNINITIALIZED_AUTOS = YES_AGGRESSIVE;
				GCC_WARN_UNUSED_FUNCTION = YES;
				GCC_WARN_UNUSED_VARIABLE = YES;
				IPHONEOS_DEPLOYMENT_TARGET = 11.0;
				MTL_ENABLE_DEBUG_INFO = YES;
				ONLY_ACTIVE_ARCH = YES;
				SDKROOT = iphoneos;
				SWIFT_ACTIVE_COMPILATION_CONDITIONS = DEBUG;
				SWIFT_OPTIMIZATION_LEVEL = "-Onone";
			};
			name = Debug;
		};
		656E22131FA91CCC008F9827 /* Release */ = {
			isa = XCBuildConfiguration;
			buildSettings = {
				ALWAYS_SEARCH_USER_PATHS = NO;
				CLANG_ANALYZER_NONNULL = YES;
				CLANG_ANALYZER_NUMBER_OBJECT_CONVERSION = YES_AGGRESSIVE;
				CLANG_CXX_LANGUAGE_STANDARD = "gnu++14";
				CLANG_CXX_LIBRARY = "libc++";
				CLANG_ENABLE_MODULES = YES;
				CLANG_ENABLE_OBJC_ARC = YES;
				CLANG_WARN_BLOCK_CAPTURE_AUTORELEASING = YES;
				CLANG_WARN_BOOL_CONVERSION = YES;
				CLANG_WARN_COMMA = YES;
				CLANG_WARN_CONSTANT_CONVERSION = YES;
				CLANG_WARN_DIRECT_OBJC_ISA_USAGE = YES_ERROR;
				CLANG_WARN_DOCUMENTATION_COMMENTS = YES;
				CLANG_WARN_EMPTY_BODY = YES;
				CLANG_WARN_ENUM_CONVERSION = YES;
				CLANG_WARN_INFINITE_RECURSION = YES;
				CLANG_WARN_INT_CONVERSION = YES;
				CLANG_WARN_NON_LITERAL_NULL_CONVERSION = YES;
				CLANG_WARN_OBJC_LITERAL_CONVERSION = YES;
				CLANG_WARN_OBJC_ROOT_CLASS = YES_ERROR;
				CLANG_WARN_RANGE_LOOP_ANALYSIS = YES;
				CLANG_WARN_STRICT_PROTOTYPES = YES;
				CLANG_WARN_SUSPICIOUS_MOVE = YES;
				CLANG_WARN_UNGUARDED_AVAILABILITY = YES_AGGRESSIVE;
				CLANG_WARN_UNREACHABLE_CODE = YES;
				CLANG_WARN__DUPLICATE_METHOD_MATCH = YES;
				CODE_SIGN_IDENTITY = "iPhone Developer";
				COPY_PHASE_STRIP = NO;
				DEBUG_INFORMATION_FORMAT = "dwarf-with-dsym";
				ENABLE_NS_ASSERTIONS = NO;
				ENABLE_STRICT_OBJC_MSGSEND = YES;
				GCC_C_LANGUAGE_STANDARD = gnu11;
				GCC_NO_COMMON_BLOCKS = YES;
				GCC_WARN_64_TO_32_BIT_CONVERSION = YES;
				GCC_WARN_ABOUT_RETURN_TYPE = YES_ERROR;
				GCC_WARN_UNDECLARED_SELECTOR = YES;
				GCC_WARN_UNINITIALIZED_AUTOS = YES_AGGRESSIVE;
				GCC_WARN_UNUSED_FUNCTION = YES;
				GCC_WARN_UNUSED_VARIABLE = YES;
				IPHONEOS_DEPLOYMENT_TARGET = 11.0;
				MTL_ENABLE_DEBUG_INFO = NO;
				SDKROOT = iphoneos;
				SWIFT_OPTIMIZATION_LEVEL = "-Owholemodule";
				VALIDATE_PRODUCT = YES;
			};
			name = Release;
		};
		656E22151FA91CCC008F9827 /* Debug */ = {
			isa = XCBuildConfiguration;
			baseConfigurationReference = BE439FDECB5A088EE11745D5 /* Pods-MyMood.debug.xcconfig */;
			buildSettings = {
				ASSETCATALOG_COMPILER_APPICON_NAME = AppIcon;
				CODE_SIGN_ENTITLEMENTS = "Check In.entitlements";
				CODE_SIGN_IDENTITY = "iPhone Distribution";
				"CODE_SIGN_IDENTITY[sdk=iphoneos*]" = "iPhone Developer";
				CODE_SIGN_STYLE = Automatic;
				DEVELOPMENT_TEAM = Q26Z3Z7LT3;
				INFOPLIST_FILE = MyMood/Info.plist;
				IPHONEOS_DEPLOYMENT_TARGET = 9.3;
				LD_RUNPATH_SEARCH_PATHS = "$(inherited) @executable_path/Frameworks";
				PRODUCT_BUNDLE_IDENTIFIER = com.samantha.parola.checkin;
				PRODUCT_NAME = "Check In";
				PROVISIONING_PROFILE_SPECIFIER = "";
				SWIFT_VERSION = 3.0;
				TARGETED_DEVICE_FAMILY = 1;
			};
			name = Debug;
		};
		656E22161FA91CCC008F9827 /* Release */ = {
			isa = XCBuildConfiguration;
			baseConfigurationReference = 37BCF7A5C855220D95C9DAD6 /* Pods-MyMood.release.xcconfig */;
			buildSettings = {
				ASSETCATALOG_COMPILER_APPICON_NAME = AppIcon;
				CODE_SIGN_ENTITLEMENTS = "Check In.entitlements";
				CODE_SIGN_IDENTITY = "iPhone Distribution";
				"CODE_SIGN_IDENTITY[sdk=iphoneos*]" = "iPhone Developer";
				CODE_SIGN_STYLE = Automatic;
				DEVELOPMENT_TEAM = Q26Z3Z7LT3;
				INFOPLIST_FILE = MyMood/Info.plist;
				IPHONEOS_DEPLOYMENT_TARGET = 9.3;
				LD_RUNPATH_SEARCH_PATHS = "$(inherited) @executable_path/Frameworks";
				PRODUCT_BUNDLE_IDENTIFIER = com.samantha.parola.checkin;
				PRODUCT_NAME = "Check In";
				PROVISIONING_PROFILE_SPECIFIER = "";
				SWIFT_VERSION = 3.0;
				TARGETED_DEVICE_FAMILY = 1;
			};
			name = Release;
		};
		656E22181FA91CCC008F9827 /* Debug */ = {
			isa = XCBuildConfiguration;
			baseConfigurationReference = 31B1997450F1361234E6797D /* Pods-MyMoodTests.debug.xcconfig */;
			buildSettings = {
				ALWAYS_EMBED_SWIFT_STANDARD_LIBRARIES = YES;
				BUNDLE_LOADER = "$(TEST_HOST)";
				CODE_SIGN_STYLE = Automatic;
				DEVELOPMENT_TEAM = J78U2896ZB;
				INFOPLIST_FILE = MyMoodTests/Info.plist;
				LD_RUNPATH_SEARCH_PATHS = "$(inherited) @executable_path/Frameworks @loader_path/Frameworks";
				PRODUCT_BUNDLE_IDENTIFIER = com.yury.bandarchuk.MyMoodTests;
				PRODUCT_NAME = "$(TARGET_NAME)";
				SWIFT_VERSION = 4.0;
				TARGETED_DEVICE_FAMILY = "1,2";
				TEST_HOST = "$(BUILT_PRODUCTS_DIR)/Check In.app/Check In";
			};
			name = Debug;
		};
		656E22191FA91CCC008F9827 /* Release */ = {
			isa = XCBuildConfiguration;
			baseConfigurationReference = 7C6889C56DC35026E763A664 /* Pods-MyMoodTests.release.xcconfig */;
			buildSettings = {
				ALWAYS_EMBED_SWIFT_STANDARD_LIBRARIES = YES;
				BUNDLE_LOADER = "$(TEST_HOST)";
				CODE_SIGN_STYLE = Automatic;
				DEVELOPMENT_TEAM = J78U2896ZB;
				INFOPLIST_FILE = MyMoodTests/Info.plist;
				LD_RUNPATH_SEARCH_PATHS = "$(inherited) @executable_path/Frameworks @loader_path/Frameworks";
				PRODUCT_BUNDLE_IDENTIFIER = com.yury.bandarchuk.MyMoodTests;
				PRODUCT_NAME = "$(TARGET_NAME)";
				SWIFT_VERSION = 4.0;
				TARGETED_DEVICE_FAMILY = "1,2";
				TEST_HOST = "$(BUILT_PRODUCTS_DIR)/Check In.app/Check In";
			};
			name = Release;
		};
		656E221B1FA91CCC008F9827 /* Debug */ = {
			isa = XCBuildConfiguration;
			baseConfigurationReference = 1AB1D702497260F93CF83AFC /* Pods-MyMoodUITests.debug.xcconfig */;
			buildSettings = {
				ALWAYS_EMBED_SWIFT_STANDARD_LIBRARIES = YES;
				CODE_SIGN_STYLE = Automatic;
				DEVELOPMENT_TEAM = J78U2896ZB;
				INFOPLIST_FILE = MyMoodUITests/Info.plist;
				LD_RUNPATH_SEARCH_PATHS = "$(inherited) @executable_path/Frameworks @loader_path/Frameworks";
				PRODUCT_BUNDLE_IDENTIFIER = com.yury.bandarchuk.MyMoodUITests;
				PRODUCT_NAME = "$(TARGET_NAME)";
				SWIFT_VERSION = 4.0;
				TARGETED_DEVICE_FAMILY = "1,2";
				TEST_TARGET_NAME = MyMood;
			};
			name = Debug;
		};
		656E221C1FA91CCC008F9827 /* Release */ = {
			isa = XCBuildConfiguration;
			baseConfigurationReference = 1F5640BFC2C22B60EF6028BC /* Pods-MyMoodUITests.release.xcconfig */;
			buildSettings = {
				ALWAYS_EMBED_SWIFT_STANDARD_LIBRARIES = YES;
				CODE_SIGN_STYLE = Automatic;
				DEVELOPMENT_TEAM = J78U2896ZB;
				INFOPLIST_FILE = MyMoodUITests/Info.plist;
				LD_RUNPATH_SEARCH_PATHS = "$(inherited) @executable_path/Frameworks @loader_path/Frameworks";
				PRODUCT_BUNDLE_IDENTIFIER = com.yury.bandarchuk.MyMoodUITests;
				PRODUCT_NAME = "$(TARGET_NAME)";
				SWIFT_VERSION = 4.0;
				TARGETED_DEVICE_FAMILY = "1,2";
				TEST_TARGET_NAME = MyMood;
			};
			name = Release;
		};
/* End XCBuildConfiguration section */

/* Begin XCConfigurationList section */
		656E21E71FA91CCB008F9827 /* Build configuration list for PBXProject "Check In" */ = {
			isa = XCConfigurationList;
			buildConfigurations = (
				656E22121FA91CCC008F9827 /* Debug */,
				656E22131FA91CCC008F9827 /* Release */,
			);
			defaultConfigurationIsVisible = 0;
			defaultConfigurationName = Release;
		};
		656E22141FA91CCC008F9827 /* Build configuration list for PBXNativeTarget "Check In" */ = {
			isa = XCConfigurationList;
			buildConfigurations = (
				656E22151FA91CCC008F9827 /* Debug */,
				656E22161FA91CCC008F9827 /* Release */,
			);
			defaultConfigurationIsVisible = 0;
			defaultConfigurationName = Release;
		};
		656E22171FA91CCC008F9827 /* Build configuration list for PBXNativeTarget "Check InTests" */ = {
			isa = XCConfigurationList;
			buildConfigurations = (
				656E22181FA91CCC008F9827 /* Debug */,
				656E22191FA91CCC008F9827 /* Release */,
			);
			defaultConfigurationIsVisible = 0;
			defaultConfigurationName = Release;
		};
		656E221A1FA91CCC008F9827 /* Build configuration list for PBXNativeTarget "Check InUITests" */ = {
			isa = XCConfigurationList;
			buildConfigurations = (
				656E221B1FA91CCC008F9827 /* Debug */,
				656E221C1FA91CCC008F9827 /* Release */,
			);
			defaultConfigurationIsVisible = 0;
			defaultConfigurationName = Release;
		};
/* End XCConfigurationList section */
	};
	rootObject = 656E21E41FA91CCB008F9827 /* Project object */;
}
